// !$*UTF8*$!
{
	archiveVersion = 1;
	classes = {
	};
	objectVersion = 56;
	objects = {

/* Begin PBXBuildFile section */
		DA0994442B7AB4E5002711C6 /* pageTabViewTest.swift in Sources */ = {isa = PBXBuildFile; fileRef = DA0994432B7AB4E5002711C6 /* pageTabViewTest.swift */; };
		DA0994462B7BE44F002711C6 /* ifLetTest.swift in Sources */ = {isa = PBXBuildFile; fileRef = DA0994452B7BE44F002711C6 /* ifLetTest.swift */; };
		DA1634682B6BFDD3005364D5 /* buttonTest.swift in Sources */ = {isa = PBXBuildFile; fileRef = DA1634672B6BFDD3005364D5 /* buttonTest.swift */; };
		DA16346A2B6C0A9E005364D5 /* ButtonPressActions.swift in Sources */ = {isa = PBXBuildFile; fileRef = DA1634692B6C0A9E005364D5 /* ButtonPressActions.swift */; };
		DA16346D2B6C41CB005364D5 /* myTextFields.swift in Sources */ = {isa = PBXBuildFile; fileRef = DA16346C2B6C41CB005364D5 /* myTextFields.swift */; };
		DA16346F2B6D4C43005364D5 /* extractTest.swift in Sources */ = {isa = PBXBuildFile; fileRef = DA16346E2B6D4C43005364D5 /* extractTest.swift */; };
		DA1634712B6D64BA005364D5 /* ifElseTest.swift in Sources */ = {isa = PBXBuildFile; fileRef = DA1634702B6D64BA005364D5 /* ifElseTest.swift */; };
		DA1634732B6D6C95005364D5 /* isLoadingTest.swift in Sources */ = {isa = PBXBuildFile; fileRef = DA1634722B6D6C95005364D5 /* isLoadingTest.swift */; };
		DA1634752B6D8AD4005364D5 /* animationTest.swift in Sources */ = {isa = PBXBuildFile; fileRef = DA1634742B6D8AD4005364D5 /* animationTest.swift */; };
		DA1634772B71547E005364D5 /* transitionsTest.swift in Sources */ = {isa = PBXBuildFile; fileRef = DA1634762B71547E005364D5 /* transitionsTest.swift */; };
		DA16347B2B716919005364D5 /* NavigationText.swift in Sources */ = {isa = PBXBuildFile; fileRef = DA16347A2B716919005364D5 /* NavigationText.swift */; };
		DA16347D2B716C6E005364D5 /* SheetsTest.swift in Sources */ = {isa = PBXBuildFile; fileRef = DA16347C2B716C6E005364D5 /* SheetsTest.swift */; };
		DA16347F2B718615005364D5 /* popOverTest.swift in Sources */ = {isa = PBXBuildFile; fileRef = DA16347E2B718615005364D5 /* popOverTest.swift */; };
		DA1634822B719078005364D5 /* navigatioinTest.swift in Sources */ = {isa = PBXBuildFile; fileRef = DA1634812B719078005364D5 /* navigatioinTest.swift */; };
		DA1634842B71987D005364D5 /* ListTest.swift in Sources */ = {isa = PBXBuildFile; fileRef = DA1634832B71987D005364D5 /* ListTest.swift */; };
		DA1634862B72B9A0005364D5 /* ErrorAlert.swift in Sources */ = {isa = PBXBuildFile; fileRef = DA1634852B72B9A0005364D5 /* ErrorAlert.swift */; };
		DA16348A2B73F56F005364D5 /* ActionSheetTest.swift in Sources */ = {isa = PBXBuildFile; fileRef = DA1634892B73F56F005364D5 /* ActionSheetTest.swift */; };
		DA616F4A2B7C05F000FB84FF /* ModelTest.swift in Sources */ = {isa = PBXBuildFile; fileRef = DA616F492B7C05F000FB84FF /* ModelTest.swift */; };
		DA616F4C2B7C157800FB84FF /* ViewModelTest.swift in Sources */ = {isa = PBXBuildFile; fileRef = DA616F4B2B7C157800FB84FF /* ViewModelTest.swift */; };
		DA616F4E2B83C8DC00FB84FF /* FruitModel.swift in Sources */ = {isa = PBXBuildFile; fileRef = DA616F4D2B83C8DC00FB84FF /* FruitModel.swift */; };
		DA616F502B83C91200FB84FF /* FruitViewModel.swift in Sources */ = {isa = PBXBuildFile; fileRef = DA616F4F2B83C91200FB84FF /* FruitViewModel.swift */; };
		DA616F522B83D21C00FB84FF /* EnviromentTest.swift in Sources */ = {isa = PBXBuildFile; fileRef = DA616F512B83D21C00FB84FF /* EnviromentTest.swift */; };
		DAB503622B6820960038D338 /* stackTest.swift in Sources */ = {isa = PBXBuildFile; fileRef = DAB503612B6820960038D338 /* stackTest.swift */; };
		DAB503642B683DD30038D338 /* ResponseView.swift in Sources */ = {isa = PBXBuildFile; fileRef = DAB503632B683DD30038D338 /* ResponseView.swift */; };
		DAB503662B695ADF0038D338 /* formTest.swift in Sources */ = {isa = PBXBuildFile; fileRef = DAB503652B695ADF0038D338 /* formTest.swift */; };
		DAB503682B6AFADA0038D338 /* scrollViewTest.swift in Sources */ = {isa = PBXBuildFile; fileRef = DAB503672B6AFADA0038D338 /* scrollViewTest.swift */; };
		DAB90ED92B61BA3A00EC7C47 /* swiftui_testApp.swift in Sources */ = {isa = PBXBuildFile; fileRef = DAB90ED82B61BA3A00EC7C47 /* swiftui_testApp.swift */; };
		DAB90EDB2B61BA3A00EC7C47 /* ContentView.swift in Sources */ = {isa = PBXBuildFile; fileRef = DAB90EDA2B61BA3A00EC7C47 /* ContentView.swift */; };
		DAB90EDD2B61BA3B00EC7C47 /* Assets.xcassets in Resources */ = {isa = PBXBuildFile; fileRef = DAB90EDC2B61BA3B00EC7C47 /* Assets.xcassets */; };
		DAB90EE02B61BA3B00EC7C47 /* Preview Assets.xcassets in Resources */ = {isa = PBXBuildFile; fileRef = DAB90EDF2B61BA3B00EC7C47 /* Preview Assets.xcassets */; };
		DAB90EEA2B61BA3B00EC7C47 /* swiftui_testTests.swift in Sources */ = {isa = PBXBuildFile; fileRef = DAB90EE92B61BA3B00EC7C47 /* swiftui_testTests.swift */; };
		DAB90EF42B61BA3B00EC7C47 /* swiftui_testUITests.swift in Sources */ = {isa = PBXBuildFile; fileRef = DAB90EF32B61BA3B00EC7C47 /* swiftui_testUITests.swift */; };
		DAB90EF62B61BA3B00EC7C47 /* swiftui_testUITestsLaunchTests.swift in Sources */ = {isa = PBXBuildFile; fileRef = DAB90EF52B61BA3B00EC7C47 /* swiftui_testUITestsLaunchTests.swift */; };
		DACB48CA2B62C1430027FFD9 /* testView.swift in Sources */ = {isa = PBXBuildFile; fileRef = DACB48C92B62C1430027FFD9 /* testView.swift */; };
		DACB48CD2B6429110027FFD9 /* frameTest.swift in Sources */ = {isa = PBXBuildFile; fileRef = DACB48CC2B6429110027FFD9 /* frameTest.swift */; };
		DACB48CF2B6435CF0027FFD9 /* backgroundTest.swift in Sources */ = {isa = PBXBuildFile; fileRef = DACB48CE2B6435CF0027FFD9 /* backgroundTest.swift */; };
		DAE04CB52B76CE8D008A806D /* datePickertest.swift in Sources */ = {isa = PBXBuildFile; fileRef = DAE04CB42B76CE8D008A806D /* datePickertest.swift */; };
		DAE04CB72B7A8540008A806D /* stepperTest.swift in Sources */ = {isa = PBXBuildFile; fileRef = DAE04CB62B7A8540008A806D /* stepperTest.swift */; };
		DAE04CB92B7A9420008A806D /* tabViewTest.swift in Sources */ = {isa = PBXBuildFile; fileRef = DAE04CB82B7A9420008A806D /* tabViewTest.swift */; };
		DAE04CBB2B7A9675008A806D /* HomeView.swift in Sources */ = {isa = PBXBuildFile; fileRef = DAE04CBA2B7A9675008A806D /* HomeView.swift */; };
/* End PBXBuildFile section */

/* Begin PBXContainerItemProxy section */
		DAB90EE62B61BA3B00EC7C47 /* PBXContainerItemProxy */ = {
			isa = PBXContainerItemProxy;
			containerPortal = DAB90ECD2B61BA3A00EC7C47 /* Project object */;
			proxyType = 1;
			remoteGlobalIDString = DAB90ED42B61BA3A00EC7C47;
			remoteInfo = swiftui_test;
		};
		DAB90EF02B61BA3B00EC7C47 /* PBXContainerItemProxy */ = {
			isa = PBXContainerItemProxy;
			containerPortal = DAB90ECD2B61BA3A00EC7C47 /* Project object */;
			proxyType = 1;
			remoteGlobalIDString = DAB90ED42B61BA3A00EC7C47;
			remoteInfo = swiftui_test;
		};
/* End PBXContainerItemProxy section */

/* Begin PBXFileReference section */
		DA0994432B7AB4E5002711C6 /* pageTabViewTest.swift */ = {isa = PBXFileReference; lastKnownFileType = sourcecode.swift; path = pageTabViewTest.swift; sourceTree = "<group>"; };
		DA0994452B7BE44F002711C6 /* ifLetTest.swift */ = {isa = PBXFileReference; lastKnownFileType = sourcecode.swift; path = ifLetTest.swift; sourceTree = "<group>"; };
		DA1634672B6BFDD3005364D5 /* buttonTest.swift */ = {isa = PBXFileReference; lastKnownFileType = sourcecode.swift; path = buttonTest.swift; sourceTree = "<group>"; };
		DA1634692B6C0A9E005364D5 /* ButtonPressActions.swift */ = {isa = PBXFileReference; lastKnownFileType = sourcecode.swift; path = ButtonPressActions.swift; sourceTree = "<group>"; };
		DA16346C2B6C41CB005364D5 /* myTextFields.swift */ = {isa = PBXFileReference; lastKnownFileType = sourcecode.swift; path = myTextFields.swift; sourceTree = "<group>"; };
		DA16346E2B6D4C43005364D5 /* extractTest.swift */ = {isa = PBXFileReference; lastKnownFileType = sourcecode.swift; path = extractTest.swift; sourceTree = "<group>"; };
		DA1634702B6D64BA005364D5 /* ifElseTest.swift */ = {isa = PBXFileReference; lastKnownFileType = sourcecode.swift; path = ifElseTest.swift; sourceTree = "<group>"; };
		DA1634722B6D6C95005364D5 /* isLoadingTest.swift */ = {isa = PBXFileReference; lastKnownFileType = sourcecode.swift; path = isLoadingTest.swift; sourceTree = "<group>"; };
		DA1634742B6D8AD4005364D5 /* animationTest.swift */ = {isa = PBXFileReference; lastKnownFileType = sourcecode.swift; path = animationTest.swift; sourceTree = "<group>"; };
		DA1634762B71547E005364D5 /* transitionsTest.swift */ = {isa = PBXFileReference; lastKnownFileType = sourcecode.swift; path = transitionsTest.swift; sourceTree = "<group>"; };
		DA16347A2B716919005364D5 /* NavigationText.swift */ = {isa = PBXFileReference; lastKnownFileType = sourcecode.swift; path = NavigationText.swift; sourceTree = "<group>"; };
		DA16347C2B716C6E005364D5 /* SheetsTest.swift */ = {isa = PBXFileReference; lastKnownFileType = sourcecode.swift; path = SheetsTest.swift; sourceTree = "<group>"; };
		DA16347E2B718615005364D5 /* popOverTest.swift */ = {isa = PBXFileReference; lastKnownFileType = sourcecode.swift; path = popOverTest.swift; sourceTree = "<group>"; };
		DA1634812B719078005364D5 /* navigatioinTest.swift */ = {isa = PBXFileReference; lastKnownFileType = sourcecode.swift; path = navigatioinTest.swift; sourceTree = "<group>"; };
		DA1634832B71987D005364D5 /* ListTest.swift */ = {isa = PBXFileReference; lastKnownFileType = sourcecode.swift; path = ListTest.swift; sourceTree = "<group>"; };
		DA1634852B72B9A0005364D5 /* ErrorAlert.swift */ = {isa = PBXFileReference; lastKnownFileType = sourcecode.swift; path = ErrorAlert.swift; sourceTree = "<group>"; };
		DA1634892B73F56F005364D5 /* ActionSheetTest.swift */ = {isa = PBXFileReference; lastKnownFileType = sourcecode.swift; path = ActionSheetTest.swift; sourceTree = "<group>"; };
		DA616F492B7C05F000FB84FF /* ModelTest.swift */ = {isa = PBXFileReference; lastKnownFileType = sourcecode.swift; path = ModelTest.swift; sourceTree = "<group>"; };
		DA616F4B2B7C157800FB84FF /* ViewModelTest.swift */ = {isa = PBXFileReference; lastKnownFileType = sourcecode.swift; path = ViewModelTest.swift; sourceTree = "<group>"; };
		DA616F4D2B83C8DC00FB84FF /* FruitModel.swift */ = {isa = PBXFileReference; lastKnownFileType = sourcecode.swift; path = FruitModel.swift; sourceTree = "<group>"; };
		DA616F4F2B83C91200FB84FF /* FruitViewModel.swift */ = {isa = PBXFileReference; lastKnownFileType = sourcecode.swift; path = FruitViewModel.swift; sourceTree = "<group>"; };
		DA616F512B83D21C00FB84FF /* EnviromentTest.swift */ = {isa = PBXFileReference; lastKnownFileType = sourcecode.swift; path = EnviromentTest.swift; sourceTree = "<group>"; };
		DAB503612B6820960038D338 /* stackTest.swift */ = {isa = PBXFileReference; lastKnownFileType = sourcecode.swift; path = stackTest.swift; sourceTree = "<group>"; };
		DAB503632B683DD30038D338 /* ResponseView.swift */ = {isa = PBXFileReference; lastKnownFileType = sourcecode.swift; path = ResponseView.swift; sourceTree = "<group>"; };
		DAB503652B695ADF0038D338 /* formTest.swift */ = {isa = PBXFileReference; lastKnownFileType = sourcecode.swift; path = formTest.swift; sourceTree = "<group>"; };
		DAB503672B6AFADA0038D338 /* scrollViewTest.swift */ = {isa = PBXFileReference; lastKnownFileType = sourcecode.swift; path = scrollViewTest.swift; sourceTree = "<group>"; };
		DAB90ED52B61BA3A00EC7C47 /* swiftui_test.app */ = {isa = PBXFileReference; explicitFileType = wrapper.application; includeInIndex = 0; path = swiftui_test.app; sourceTree = BUILT_PRODUCTS_DIR; };
		DAB90ED82B61BA3A00EC7C47 /* swiftui_testApp.swift */ = {isa = PBXFileReference; lastKnownFileType = sourcecode.swift; path = swiftui_testApp.swift; sourceTree = "<group>"; };
		DAB90EDA2B61BA3A00EC7C47 /* ContentView.swift */ = {isa = PBXFileReference; lastKnownFileType = sourcecode.swift; path = ContentView.swift; sourceTree = "<group>"; };
		DAB90EDC2B61BA3B00EC7C47 /* Assets.xcassets */ = {isa = PBXFileReference; lastKnownFileType = folder.assetcatalog; path = Assets.xcassets; sourceTree = "<group>"; };
		DAB90EDF2B61BA3B00EC7C47 /* Preview Assets.xcassets */ = {isa = PBXFileReference; lastKnownFileType = folder.assetcatalog; path = "Preview Assets.xcassets"; sourceTree = "<group>"; };
		DAB90EE52B61BA3B00EC7C47 /* swiftui_testTests.xctest */ = {isa = PBXFileReference; explicitFileType = wrapper.cfbundle; includeInIndex = 0; path = swiftui_testTests.xctest; sourceTree = BUILT_PRODUCTS_DIR; };
		DAB90EE92B61BA3B00EC7C47 /* swiftui_testTests.swift */ = {isa = PBXFileReference; lastKnownFileType = sourcecode.swift; path = swiftui_testTests.swift; sourceTree = "<group>"; };
		DAB90EEF2B61BA3B00EC7C47 /* swiftui_testUITests.xctest */ = {isa = PBXFileReference; explicitFileType = wrapper.cfbundle; includeInIndex = 0; path = swiftui_testUITests.xctest; sourceTree = BUILT_PRODUCTS_DIR; };
		DAB90EF32B61BA3B00EC7C47 /* swiftui_testUITests.swift */ = {isa = PBXFileReference; lastKnownFileType = sourcecode.swift; path = swiftui_testUITests.swift; sourceTree = "<group>"; };
		DAB90EF52B61BA3B00EC7C47 /* swiftui_testUITestsLaunchTests.swift */ = {isa = PBXFileReference; lastKnownFileType = sourcecode.swift; path = swiftui_testUITestsLaunchTests.swift; sourceTree = "<group>"; };
		DACB48C92B62C1430027FFD9 /* testView.swift */ = {isa = PBXFileReference; lastKnownFileType = sourcecode.swift; path = testView.swift; sourceTree = "<group>"; };
		DACB48CC2B6429110027FFD9 /* frameTest.swift */ = {isa = PBXFileReference; lastKnownFileType = sourcecode.swift; path = frameTest.swift; sourceTree = "<group>"; };
		DACB48CE2B6435CF0027FFD9 /* backgroundTest.swift */ = {isa = PBXFileReference; lastKnownFileType = sourcecode.swift; path = backgroundTest.swift; sourceTree = "<group>"; };
		DAE04CB42B76CE8D008A806D /* datePickertest.swift */ = {isa = PBXFileReference; lastKnownFileType = sourcecode.swift; path = datePickertest.swift; sourceTree = "<group>"; };
		DAE04CB62B7A8540008A806D /* stepperTest.swift */ = {isa = PBXFileReference; lastKnownFileType = sourcecode.swift; path = stepperTest.swift; sourceTree = "<group>"; };
		DAE04CB82B7A9420008A806D /* tabViewTest.swift */ = {isa = PBXFileReference; lastKnownFileType = sourcecode.swift; path = tabViewTest.swift; sourceTree = "<group>"; };
		DAE04CBA2B7A9675008A806D /* HomeView.swift */ = {isa = PBXFileReference; lastKnownFileType = sourcecode.swift; path = HomeView.swift; sourceTree = "<group>"; };
/* End PBXFileReference section */

/* Begin PBXFrameworksBuildPhase section */
		DAB90ED22B61BA3A00EC7C47 /* Frameworks */ = {
			isa = PBXFrameworksBuildPhase;
			buildActionMask = 2147483647;
			files = (
			);
			runOnlyForDeploymentPostprocessing = 0;
		};
		DAB90EE22B61BA3B00EC7C47 /* Frameworks */ = {
			isa = PBXFrameworksBuildPhase;
			buildActionMask = 2147483647;
			files = (
			);
			runOnlyForDeploymentPostprocessing = 0;
		};
		DAB90EEC2B61BA3B00EC7C47 /* Frameworks */ = {
			isa = PBXFrameworksBuildPhase;
			buildActionMask = 2147483647;
			files = (
			);
			runOnlyForDeploymentPostprocessing = 0;
		};
/* End PBXFrameworksBuildPhase section */

/* Begin PBXGroup section */
		DA16346B2B6C419F005364D5 /* utils */ = {
			isa = PBXGroup;
			children = (
				DA1634692B6C0A9E005364D5 /* ButtonPressActions.swift */,
				DA16346C2B6C41CB005364D5 /* myTextFields.swift */,
			);
			path = utils;
			sourceTree = "<group>";
		};
		DAB90ECC2B61BA3A00EC7C47 = {
			isa = PBXGroup;
			children = (
				DAB90ED72B61BA3A00EC7C47 /* swiftui_test */,
				DAB90EE82B61BA3B00EC7C47 /* swiftui_testTests */,
				DAB90EF22B61BA3B00EC7C47 /* swiftui_testUITests */,
				DAB90ED62B61BA3A00EC7C47 /* Products */,
			);
			sourceTree = "<group>";
		};
		DAB90ED62B61BA3A00EC7C47 /* Products */ = {
			isa = PBXGroup;
			children = (
				DAB90ED52B61BA3A00EC7C47 /* swiftui_test.app */,
				DAB90EE52B61BA3B00EC7C47 /* swiftui_testTests.xctest */,
				DAB90EEF2B61BA3B00EC7C47 /* swiftui_testUITests.xctest */,
			);
			name = Products;
			sourceTree = "<group>";
		};
		DAB90ED72B61BA3A00EC7C47 /* swiftui_test */ = {
			isa = PBXGroup;
			children = (
				DACB48CB2B62E61D0027FFD9 /* Components */,
				DAB90ED82B61BA3A00EC7C47 /* swiftui_testApp.swift */,
				DACB48CE2B6435CF0027FFD9 /* backgroundTest.swift */,
				DA16346B2B6C419F005364D5 /* utils */,
				DAB503672B6AFADA0038D338 /* scrollViewTest.swift */,
				DA1634672B6BFDD3005364D5 /* buttonTest.swift */,
				DAB503612B6820960038D338 /* stackTest.swift */,
				DA1634722B6D6C95005364D5 /* isLoadingTest.swift */,
				DA1634702B6D64BA005364D5 /* ifElseTest.swift */,
				DAB503652B695ADF0038D338 /* formTest.swift */,
				DACB48CC2B6429110027FFD9 /* frameTest.swift */,
				DACB48C92B62C1430027FFD9 /* testView.swift */,
				DAB90EDC2B61BA3B00EC7C47 /* Assets.xcassets */,
				DAB90EDE2B61BA3B00EC7C47 /* Preview Content */,
				DAB503632B683DD30038D338 /* ResponseView.swift */,
			);
			path = swiftui_test;
			sourceTree = "<group>";
		};
		DAB90EDE2B61BA3B00EC7C47 /* Preview Content */ = {
			isa = PBXGroup;
			children = (
				DAB90EDF2B61BA3B00EC7C47 /* Preview Assets.xcassets */,
			);
			path = "Preview Content";
			sourceTree = "<group>";
		};
		DAB90EE82B61BA3B00EC7C47 /* swiftui_testTests */ = {
			isa = PBXGroup;
			children = (
				DAB90EE92B61BA3B00EC7C47 /* swiftui_testTests.swift */,
			);
			path = swiftui_testTests;
			sourceTree = "<group>";
		};
		DAB90EF22B61BA3B00EC7C47 /* swiftui_testUITests */ = {
			isa = PBXGroup;
			children = (
				DAB90EF32B61BA3B00EC7C47 /* swiftui_testUITests.swift */,
				DAB90EF52B61BA3B00EC7C47 /* swiftui_testUITestsLaunchTests.swift */,
			);
			path = swiftui_testUITests;
			sourceTree = "<group>";
		};
		DACB48CB2B62E61D0027FFD9 /* Components */ = {
			isa = PBXGroup;
			children = (
				DAB90EDA2B61BA3A00EC7C47 /* ContentView.swift */,
				DA16347A2B716919005364D5 /* NavigationText.swift */,
				DA1634892B73F56F005364D5 /* ActionSheetTest.swift */,
				DA0994452B7BE44F002711C6 /* ifLetTest.swift */,
				DAE04CB62B7A8540008A806D /* stepperTest.swift */,
				DAE04CBA2B7A9675008A806D /* HomeView.swift */,
				DA0994432B7AB4E5002711C6 /* pageTabViewTest.swift */,
				DA616F512B83D21C00FB84FF /* EnviromentTest.swift */,
				DA616F4F2B83C91200FB84FF /* FruitViewModel.swift */,
				DA616F4D2B83C8DC00FB84FF /* FruitModel.swift */,
				DA616F492B7C05F000FB84FF /* ModelTest.swift */,
				DA616F4B2B7C157800FB84FF /* ViewModelTest.swift */,
				DA16346E2B6D4C43005364D5 /* extractTest.swift */,
				DA1634852B72B9A0005364D5 /* ErrorAlert.swift */,
				DA1634832B71987D005364D5 /* ListTest.swift */,
				DA1634812B719078005364D5 /* navigatioinTest.swift */,
				DAE04CB82B7A9420008A806D /* tabViewTest.swift */,
				DAE04CB42B76CE8D008A806D /* datePickertest.swift */,
				DA16347E2B718615005364D5 /* popOverTest.swift */,
				DA16347C2B716C6E005364D5 /* SheetsTest.swift */,
				DA1634762B71547E005364D5 /* transitionsTest.swift */,
				DA1634742B6D8AD4005364D5 /* animationTest.swift */,
			);
			path = Components;
			sourceTree = "<group>";
		};
/* End PBXGroup section */

/* Begin PBXNativeTarget section */
		DAB90ED42B61BA3A00EC7C47 /* swiftui_test */ = {
			isa = PBXNativeTarget;
			buildConfigurationList = DAB90EF92B61BA3B00EC7C47 /* Build configuration list for PBXNativeTarget "swiftui_test" */;
			buildPhases = (
				DAB90ED12B61BA3A00EC7C47 /* Sources */,
				DAB90ED22B61BA3A00EC7C47 /* Frameworks */,
				DAB90ED32B61BA3A00EC7C47 /* Resources */,
			);
			buildRules = (
			);
			dependencies = (
			);
			name = swiftui_test;
			productName = swiftui_test;
			productReference = DAB90ED52B61BA3A00EC7C47 /* swiftui_test.app */;
			productType = "com.apple.product-type.application";
		};
		DAB90EE42B61BA3B00EC7C47 /* swiftui_testTests */ = {
			isa = PBXNativeTarget;
			buildConfigurationList = DAB90EFC2B61BA3B00EC7C47 /* Build configuration list for PBXNativeTarget "swiftui_testTests" */;
			buildPhases = (
				DAB90EE12B61BA3B00EC7C47 /* Sources */,
				DAB90EE22B61BA3B00EC7C47 /* Frameworks */,
				DAB90EE32B61BA3B00EC7C47 /* Resources */,
			);
			buildRules = (
			);
			dependencies = (
				DAB90EE72B61BA3B00EC7C47 /* PBXTargetDependency */,
			);
			name = swiftui_testTests;
			productName = swiftui_testTests;
			productReference = DAB90EE52B61BA3B00EC7C47 /* swiftui_testTests.xctest */;
			productType = "com.apple.product-type.bundle.unit-test";
		};
		DAB90EEE2B61BA3B00EC7C47 /* swiftui_testUITests */ = {
			isa = PBXNativeTarget;
			buildConfigurationList = DAB90EFF2B61BA3B00EC7C47 /* Build configuration list for PBXNativeTarget "swiftui_testUITests" */;
			buildPhases = (
				DAB90EEB2B61BA3B00EC7C47 /* Sources */,
				DAB90EEC2B61BA3B00EC7C47 /* Frameworks */,
				DAB90EED2B61BA3B00EC7C47 /* Resources */,
			);
			buildRules = (
			);
			dependencies = (
				DAB90EF12B61BA3B00EC7C47 /* PBXTargetDependency */,
			);
			name = swiftui_testUITests;
			productName = swiftui_testUITests;
			productReference = DAB90EEF2B61BA3B00EC7C47 /* swiftui_testUITests.xctest */;
			productType = "com.apple.product-type.bundle.ui-testing";
		};
/* End PBXNativeTarget section */

/* Begin PBXProject section */
		DAB90ECD2B61BA3A00EC7C47 /* Project object */ = {
			isa = PBXProject;
			attributes = {
				BuildIndependentTargetsInParallel = 1;
				KnownAssetTags = (
					New,
				);
				LastSwiftUpdateCheck = 1520;
				LastUpgradeCheck = 1520;
				TargetAttributes = {
					DAB90ED42B61BA3A00EC7C47 = {
						CreatedOnToolsVersion = 15.2;
					};
					DAB90EE42B61BA3B00EC7C47 = {
						CreatedOnToolsVersion = 15.2;
						TestTargetID = DAB90ED42B61BA3A00EC7C47;
					};
					DAB90EEE2B61BA3B00EC7C47 = {
						CreatedOnToolsVersion = 15.2;
						TestTargetID = DAB90ED42B61BA3A00EC7C47;
					};
				};
			};
			buildConfigurationList = DAB90ED02B61BA3A00EC7C47 /* Build configuration list for PBXProject "swiftui_test" */;
			compatibilityVersion = "Xcode 14.0";
			developmentRegion = en;
			hasScannedForEncodings = 0;
			knownRegions = (
				en,
				Base,
			);
			mainGroup = DAB90ECC2B61BA3A00EC7C47;
			productRefGroup = DAB90ED62B61BA3A00EC7C47 /* Products */;
			projectDirPath = "";
			projectRoot = "";
			targets = (
				DAB90ED42B61BA3A00EC7C47 /* swiftui_test */,
				DAB90EE42B61BA3B00EC7C47 /* swiftui_testTests */,
				DAB90EEE2B61BA3B00EC7C47 /* swiftui_testUITests */,
			);
		};
/* End PBXProject section */

/* Begin PBXResourcesBuildPhase section */
		DAB90ED32B61BA3A00EC7C47 /* Resources */ = {
			isa = PBXResourcesBuildPhase;
			buildActionMask = 2147483647;
			files = (
				DAB90EE02B61BA3B00EC7C47 /* Preview Assets.xcassets in Resources */,
				DAB90EDD2B61BA3B00EC7C47 /* Assets.xcassets in Resources */,
			);
			runOnlyForDeploymentPostprocessing = 0;
		};
		DAB90EE32B61BA3B00EC7C47 /* Resources */ = {
			isa = PBXResourcesBuildPhase;
			buildActionMask = 2147483647;
			files = (
			);
			runOnlyForDeploymentPostprocessing = 0;
		};
		DAB90EED2B61BA3B00EC7C47 /* Resources */ = {
			isa = PBXResourcesBuildPhase;
			buildActionMask = 2147483647;
			files = (
			);
			runOnlyForDeploymentPostprocessing = 0;
		};
/* End PBXResourcesBuildPhase section */

/* Begin PBXSourcesBuildPhase section */
		DAB90ED12B61BA3A00EC7C47 /* Sources */ = {
			isa = PBXSourcesBuildPhase;
			buildActionMask = 2147483647;
			files = (
				DAB90EDB2B61BA3A00EC7C47 /* ContentView.swift in Sources */,
				DA616F522B83D21C00FB84FF /* EnviromentTest.swift in Sources */,
				DA616F502B83C91200FB84FF /* FruitViewModel.swift in Sources */,
				DAE04CBB2B7A9675008A806D /* HomeView.swift in Sources */,
				DA0994462B7BE44F002711C6 /* ifLetTest.swift in Sources */,
				DAE04CB92B7A9420008A806D /* tabViewTest.swift in Sources */,
				DA1634682B6BFDD3005364D5 /* buttonTest.swift in Sources */,
				DA16347B2B716919005364D5 /* NavigationText.swift in Sources */,
				DAB503642B683DD30038D338 /* ResponseView.swift in Sources */,
				DA1634862B72B9A0005364D5 /* ErrorAlert.swift in Sources */,
				DA16347D2B716C6E005364D5 /* SheetsTest.swift in Sources */,
				DA1634822B719078005364D5 /* navigatioinTest.swift in Sources */,
				DA16348A2B73F56F005364D5 /* ActionSheetTest.swift in Sources */,
				DA1634772B71547E005364D5 /* transitionsTest.swift in Sources */,
				DACB48CD2B6429110027FFD9 /* frameTest.swift in Sources */,
				DA16347F2B718615005364D5 /* popOverTest.swift in Sources */,
				DA0994442B7AB4E5002711C6 /* pageTabViewTest.swift in Sources */,
				DAB503622B6820960038D338 /* stackTest.swift in Sources */,
				DA616F4E2B83C8DC00FB84FF /* FruitModel.swift in Sources */,
				DAB90ED92B61BA3A00EC7C47 /* swiftui_testApp.swift in Sources */,
				DA16346A2B6C0A9E005364D5 /* ButtonPressActions.swift in Sources */,
				DA16346F2B6D4C43005364D5 /* extractTest.swift in Sources */,
				DAB503662B695ADF0038D338 /* formTest.swift in Sources */,
				DAE04CB52B76CE8D008A806D /* datePickertest.swift in Sources */,
				DA1634732B6D6C95005364D5 /* isLoadingTest.swift in Sources */,
				DACB48CA2B62C1430027FFD9 /* testView.swift in Sources */,
				DA616F4A2B7C05F000FB84FF /* ModelTest.swift in Sources */,
				DAB503682B6AFADA0038D338 /* scrollViewTest.swift in Sources */,
				DACB48CF2B6435CF0027FFD9 /* backgroundTest.swift in Sources */,
				DA616F4C2B7C157800FB84FF /* ViewModelTest.swift in Sources */,
				DAE04CB72B7A8540008A806D /* stepperTest.swift in Sources */,
				DA16346D2B6C41CB005364D5 /* myTextFields.swift in Sources */,
				DA1634842B71987D005364D5 /* ListTest.swift in Sources */,
				DA1634752B6D8AD4005364D5 /* animationTest.swift in Sources */,
				DA1634712B6D64BA005364D5 /* ifElseTest.swift in Sources */,
			);
			runOnlyForDeploymentPostprocessing = 0;
		};
		DAB90EE12B61BA3B00EC7C47 /* Sources */ = {
			isa = PBXSourcesBuildPhase;
			buildActionMask = 2147483647;
			files = (
				DAB90EEA2B61BA3B00EC7C47 /* swiftui_testTests.swift in Sources */,
			);
			runOnlyForDeploymentPostprocessing = 0;
		};
		DAB90EEB2B61BA3B00EC7C47 /* Sources */ = {
			isa = PBXSourcesBuildPhase;
			buildActionMask = 2147483647;
			files = (
				DAB90EF62B61BA3B00EC7C47 /* swiftui_testUITestsLaunchTests.swift in Sources */,
				DAB90EF42B61BA3B00EC7C47 /* swiftui_testUITests.swift in Sources */,
			);
			runOnlyForDeploymentPostprocessing = 0;
		};
/* End PBXSourcesBuildPhase section */

/* Begin PBXTargetDependency section */
		DAB90EE72B61BA3B00EC7C47 /* PBXTargetDependency */ = {
			isa = PBXTargetDependency;
			target = DAB90ED42B61BA3A00EC7C47 /* swiftui_test */;
			targetProxy = DAB90EE62B61BA3B00EC7C47 /* PBXContainerItemProxy */;
		};
		DAB90EF12B61BA3B00EC7C47 /* PBXTargetDependency */ = {
			isa = PBXTargetDependency;
			target = DAB90ED42B61BA3A00EC7C47 /* swiftui_test */;
			targetProxy = DAB90EF02B61BA3B00EC7C47 /* PBXContainerItemProxy */;
		};
/* End PBXTargetDependency section */

/* Begin XCBuildConfiguration section */
		DAB90EF72B61BA3B00EC7C47 /* Debug */ = {
			isa = XCBuildConfiguration;
			buildSettings = {
				ALWAYS_SEARCH_USER_PATHS = NO;
				ASSETCATALOG_COMPILER_GENERATE_SWIFT_ASSET_SYMBOL_EXTENSIONS = YES;
				CLANG_ANALYZER_NONNULL = YES;
				CLANG_ANALYZER_NUMBER_OBJECT_CONVERSION = YES_AGGRESSIVE;
				CLANG_CXX_LANGUAGE_STANDARD = "gnu++20";
				CLANG_ENABLE_MODULES = YES;
				CLANG_ENABLE_OBJC_ARC = YES;
				CLANG_ENABLE_OBJC_WEAK = YES;
				CLANG_WARN_BLOCK_CAPTURE_AUTORELEASING = YES;
				CLANG_WARN_BOOL_CONVERSION = YES;
				CLANG_WARN_COMMA = YES;
				CLANG_WARN_CONSTANT_CONVERSION = YES;
				CLANG_WARN_DEPRECATED_OBJC_IMPLEMENTATIONS = YES;
				CLANG_WARN_DIRECT_OBJC_ISA_USAGE = YES_ERROR;
				CLANG_WARN_DOCUMENTATION_COMMENTS = YES;
				CLANG_WARN_EMPTY_BODY = YES;
				CLANG_WARN_ENUM_CONVERSION = YES;
				CLANG_WARN_INFINITE_RECURSION = YES;
				CLANG_WARN_INT_CONVERSION = YES;
				CLANG_WARN_NON_LITERAL_NULL_CONVERSION = YES;
				CLANG_WARN_OBJC_IMPLICIT_RETAIN_SELF = YES;
				CLANG_WARN_OBJC_LITERAL_CONVERSION = YES;
				CLANG_WARN_OBJC_ROOT_CLASS = YES_ERROR;
				CLANG_WARN_QUOTED_INCLUDE_IN_FRAMEWORK_HEADER = YES;
				CLANG_WARN_RANGE_LOOP_ANALYSIS = YES;
				CLANG_WARN_STRICT_PROTOTYPES = YES;
				CLANG_WARN_SUSPICIOUS_MOVE = YES;
				CLANG_WARN_UNGUARDED_AVAILABILITY = YES_AGGRESSIVE;
				CLANG_WARN_UNREACHABLE_CODE = YES;
				CLANG_WARN__DUPLICATE_METHOD_MATCH = YES;
				COPY_PHASE_STRIP = NO;
				DEBUG_INFORMATION_FORMAT = dwarf;
				ENABLE_STRICT_OBJC_MSGSEND = YES;
				ENABLE_TESTABILITY = YES;
				ENABLE_USER_SCRIPT_SANDBOXING = YES;
				GCC_C_LANGUAGE_STANDARD = gnu17;
				GCC_DYNAMIC_NO_PIC = NO;
				GCC_NO_COMMON_BLOCKS = YES;
				GCC_OPTIMIZATION_LEVEL = 0;
				GCC_PREPROCESSOR_DEFINITIONS = (
					"DEBUG=1",
					"$(inherited)",
				);
				GCC_WARN_64_TO_32_BIT_CONVERSION = YES;
				GCC_WARN_ABOUT_RETURN_TYPE = YES_ERROR;
				GCC_WARN_UNDECLARED_SELECTOR = YES;
				GCC_WARN_UNINITIALIZED_AUTOS = YES_AGGRESSIVE;
				GCC_WARN_UNUSED_FUNCTION = YES;
				GCC_WARN_UNUSED_VARIABLE = YES;
				IPHONEOS_DEPLOYMENT_TARGET = 17.2;
				LOCALIZATION_PREFERS_STRING_CATALOGS = YES;
				MTL_ENABLE_DEBUG_INFO = INCLUDE_SOURCE;
				MTL_FAST_MATH = YES;
				ONLY_ACTIVE_ARCH = YES;
				SDKROOT = iphoneos;
				SWIFT_ACTIVE_COMPILATION_CONDITIONS = "DEBUG $(inherited)";
				SWIFT_OPTIMIZATION_LEVEL = "-Onone";
			};
			name = Debug;
		};
		DAB90EF82B61BA3B00EC7C47 /* Release */ = {
			isa = XCBuildConfiguration;
			buildSettings = {
				ALWAYS_SEARCH_USER_PATHS = NO;
				ASSETCATALOG_COMPILER_GENERATE_SWIFT_ASSET_SYMBOL_EXTENSIONS = YES;
				CLANG_ANALYZER_NONNULL = YES;
				CLANG_ANALYZER_NUMBER_OBJECT_CONVERSION = YES_AGGRESSIVE;
				CLANG_CXX_LANGUAGE_STANDARD = "gnu++20";
				CLANG_ENABLE_MODULES = YES;
				CLANG_ENABLE_OBJC_ARC = YES;
				CLANG_ENABLE_OBJC_WEAK = YES;
				CLANG_WARN_BLOCK_CAPTURE_AUTORELEASING = YES;
				CLANG_WARN_BOOL_CONVERSION = YES;
				CLANG_WARN_COMMA = YES;
				CLANG_WARN_CONSTANT_CONVERSION = YES;
				CLANG_WARN_DEPRECATED_OBJC_IMPLEMENTATIONS = YES;
				CLANG_WARN_DIRECT_OBJC_ISA_USAGE = YES_ERROR;
				CLANG_WARN_DOCUMENTATION_COMMENTS = YES;
				CLANG_WARN_EMPTY_BODY = YES;
				CLANG_WARN_ENUM_CONVERSION = YES;
				CLANG_WARN_INFINITE_RECURSION = YES;
				CLANG_WARN_INT_CONVERSION = YES;
				CLANG_WARN_NON_LITERAL_NULL_CONVERSION = YES;
				CLANG_WARN_OBJC_IMPLICIT_RETAIN_SELF = YES;
				CLANG_WARN_OBJC_LITERAL_CONVERSION = YES;
				CLANG_WARN_OBJC_ROOT_CLASS = YES_ERROR;
				CLANG_WARN_QUOTED_INCLUDE_IN_FRAMEWORK_HEADER = YES;
				CLANG_WARN_RANGE_LOOP_ANALYSIS = YES;
				CLANG_WARN_STRICT_PROTOTYPES = YES;
				CLANG_WARN_SUSPICIOUS_MOVE = YES;
				CLANG_WARN_UNGUARDED_AVAILABILITY = YES_AGGRESSIVE;
				CLANG_WARN_UNREACHABLE_CODE = YES;
				CLANG_WARN__DUPLICATE_METHOD_MATCH = YES;
				COPY_PHASE_STRIP = NO;
				DEBUG_INFORMATION_FORMAT = "dwarf-with-dsym";
				ENABLE_NS_ASSERTIONS = NO;
				ENABLE_STRICT_OBJC_MSGSEND = YES;
				ENABLE_USER_SCRIPT_SANDBOXING = YES;
				GCC_C_LANGUAGE_STANDARD = gnu17;
				GCC_NO_COMMON_BLOCKS = YES;
				GCC_WARN_64_TO_32_BIT_CONVERSION = YES;
				GCC_WARN_ABOUT_RETURN_TYPE = YES_ERROR;
				GCC_WARN_UNDECLARED_SELECTOR = YES;
				GCC_WARN_UNINITIALIZED_AUTOS = YES_AGGRESSIVE;
				GCC_WARN_UNUSED_FUNCTION = YES;
				GCC_WARN_UNUSED_VARIABLE = YES;
				IPHONEOS_DEPLOYMENT_TARGET = 17.2;
				LOCALIZATION_PREFERS_STRING_CATALOGS = YES;
				MTL_ENABLE_DEBUG_INFO = NO;
				MTL_FAST_MATH = YES;
				SDKROOT = iphoneos;
				SWIFT_COMPILATION_MODE = wholemodule;
				VALIDATE_PRODUCT = YES;
			};
			name = Release;
		};
		DAB90EFA2B61BA3B00EC7C47 /* Debug */ = {
			isa = XCBuildConfiguration;
			buildSettings = {
				ASSETCATALOG_COMPILER_APPICON_NAME = AppIcon;
				ASSETCATALOG_COMPILER_GLOBAL_ACCENT_COLOR_NAME = AccentColor;
				CODE_SIGN_STYLE = Automatic;
				CURRENT_PROJECT_VERSION = 1;
				DEVELOPMENT_ASSET_PATHS = "\"swiftui_test/Preview Content\"";
				DEVELOPMENT_TEAM = Z24LPLVW4V;
				ENABLE_PREVIEWS = YES;
				GENERATE_INFOPLIST_FILE = YES;
				INFOPLIST_KEY_UIApplicationSceneManifest_Generation = YES;
				INFOPLIST_KEY_UIApplicationSupportsIndirectInputEvents = YES;
				INFOPLIST_KEY_UILaunchScreen_Generation = YES;
				INFOPLIST_KEY_UISupportedInterfaceOrientations_iPad = "UIInterfaceOrientationPortrait UIInterfaceOrientationPortraitUpsideDown UIInterfaceOrientationLandscapeLeft UIInterfaceOrientationLandscapeRight";
				INFOPLIST_KEY_UISupportedInterfaceOrientations_iPhone = "UIInterfaceOrientationPortrait UIInterfaceOrientationLandscapeLeft UIInterfaceOrientationLandscapeRight";
				IPHONEOS_DEPLOYMENT_TARGET = 16.6;
				LD_RUNPATH_SEARCH_PATHS = (
					"$(inherited)",
					"@executable_path/Frameworks",
				);
				MARKETING_VERSION = 1.0;
				PRODUCT_BUNDLE_IDENTIFIER = "com.swiftTest.test.swiftui-test";
				PRODUCT_NAME = "$(TARGET_NAME)";
				SWIFT_EMIT_LOC_STRINGS = YES;
				SWIFT_VERSION = 5.0;
				TARGETED_DEVICE_FAMILY = "1,2";
			};
			name = Debug;
		};
		DAB90EFB2B61BA3B00EC7C47 /* Release */ = {
			isa = XCBuildConfiguration;
			buildSettings = {
				ASSETCATALOG_COMPILER_APPICON_NAME = AppIcon;
				ASSETCATALOG_COMPILER_GLOBAL_ACCENT_COLOR_NAME = AccentColor;
				CODE_SIGN_STYLE = Automatic;
				CURRENT_PROJECT_VERSION = 1;
				DEVELOPMENT_ASSET_PATHS = "\"swiftui_test/Preview Content\"";
				DEVELOPMENT_TEAM = Z24LPLVW4V;
				ENABLE_PREVIEWS = YES;
				GENERATE_INFOPLIST_FILE = YES;
				INFOPLIST_KEY_UIApplicationSceneManifest_Generation = YES;
				INFOPLIST_KEY_UIApplicationSupportsIndirectInputEvents = YES;
				INFOPLIST_KEY_UILaunchScreen_Generation = YES;
				INFOPLIST_KEY_UISupportedInterfaceOrientations_iPad = "UIInterfaceOrientationPortrait UIInterfaceOrientationPortraitUpsideDown UIInterfaceOrientationLandscapeLeft UIInterfaceOrientationLandscapeRight";
				INFOPLIST_KEY_UISupportedInterfaceOrientations_iPhone = "UIInterfaceOrientationPortrait UIInterfaceOrientationLandscapeLeft UIInterfaceOrientationLandscapeRight";
				IPHONEOS_DEPLOYMENT_TARGET = 16.6;
				LD_RUNPATH_SEARCH_PATHS = (
					"$(inherited)",
					"@executable_path/Frameworks",
				);
				MARKETING_VERSION = 1.0;
				PRODUCT_BUNDLE_IDENTIFIER = "com.swiftTest.test.swiftui-test";
				PRODUCT_NAME = "$(TARGET_NAME)";
				SWIFT_EMIT_LOC_STRINGS = YES;
				SWIFT_VERSION = 5.0;
				TARGETED_DEVICE_FAMILY = "1,2";
			};
			name = Release;
		};
		DAB90EFD2B61BA3B00EC7C47 /* Debug */ = {
			isa = XCBuildConfiguration;
			buildSettings = {
				ALWAYS_EMBED_SWIFT_STANDARD_LIBRARIES = YES;
				BUNDLE_LOADER = "$(TEST_HOST)";
				CODE_SIGN_STYLE = Automatic;
				CURRENT_PROJECT_VERSION = 1;
				DEVELOPMENT_TEAM = Z24LPLVW4V;
				GENERATE_INFOPLIST_FILE = YES;
				IPHONEOS_DEPLOYMENT_TARGET = 17.2;
				MARKETING_VERSION = 1.0;
				PRODUCT_BUNDLE_IDENTIFIER = "com.swiftTest.test.swiftui-testTests";
				PRODUCT_NAME = "$(TARGET_NAME)";
				SWIFT_EMIT_LOC_STRINGS = NO;
				SWIFT_VERSION = 5.0;
				TARGETED_DEVICE_FAMILY = "1,2";
				TEST_HOST = "$(BUILT_PRODUCTS_DIR)/swiftui_test.app/$(BUNDLE_EXECUTABLE_FOLDER_PATH)/swiftui_test";
			};
			name = Debug;
		};
		DAB90EFE2B61BA3B00EC7C47 /* Release */ = {
			isa = XCBuildConfiguration;
			buildSettings = {
				ALWAYS_EMBED_SWIFT_STANDARD_LIBRARIES = YES;
				BUNDLE_LOADER = "$(TEST_HOST)";
				CODE_SIGN_STYLE = Automatic;
				CURRENT_PROJECT_VERSION = 1;
				DEVELOPMENT_TEAM = Z24LPLVW4V;
				GENERATE_INFOPLIST_FILE = YES;
				IPHONEOS_DEPLOYMENT_TARGET = 17.2;
				MARKETING_VERSION = 1.0;
				PRODUCT_BUNDLE_IDENTIFIER = "com.swiftTest.test.swiftui-testTests";
				PRODUCT_NAME = "$(TARGET_NAME)";
				SWIFT_EMIT_LOC_STRINGS = NO;
				SWIFT_VERSION = 5.0;
				TARGETED_DEVICE_FAMILY = "1,2";
				TEST_HOST = "$(BUILT_PRODUCTS_DIR)/swiftui_test.app/$(BUNDLE_EXECUTABLE_FOLDER_PATH)/swiftui_test";
			};
			name = Release;
		};
		DAB90F002B61BA3B00EC7C47 /* Debug */ = {
			isa = XCBuildConfiguration;
			buildSettings = {
				ALWAYS_EMBED_SWIFT_STANDARD_LIBRARIES = YES;
				CODE_SIGN_STYLE = Automatic;
				CURRENT_PROJECT_VERSION = 1;
				DEVELOPMENT_TEAM = Z24LPLVW4V;
				GENERATE_INFOPLIST_FILE = YES;
				MARKETING_VERSION = 1.0;
				PRODUCT_BUNDLE_IDENTIFIER = "com.swiftTest.test.swiftui-testUITests";
				PRODUCT_NAME = "$(TARGET_NAME)";
				SWIFT_EMIT_LOC_STRINGS = NO;
				SWIFT_VERSION = 5.0;
				TARGETED_DEVICE_FAMILY = "1,2";
				TEST_TARGET_NAME = swiftui_test;
			};
			name = Debug;
		};
		DAB90F012B61BA3B00EC7C47 /* Release */ = {
			isa = XCBuildConfiguration;
			buildSettings = {
				ALWAYS_EMBED_SWIFT_STANDARD_LIBRARIES = YES;
				CODE_SIGN_STYLE = Automatic;
				CURRENT_PROJECT_VERSION = 1;
				DEVELOPMENT_TEAM = Z24LPLVW4V;
				GENERATE_INFOPLIST_FILE = YES;
				MARKETING_VERSION = 1.0;
				PRODUCT_BUNDLE_IDENTIFIER = "com.swiftTest.test.swiftui-testUITests";
				PRODUCT_NAME = "$(TARGET_NAME)";
				SWIFT_EMIT_LOC_STRINGS = NO;
				SWIFT_VERSION = 5.0;
				TARGETED_DEVICE_FAMILY = "1,2";
				TEST_TARGET_NAME = swiftui_test;
			};
			name = Release;
		};
/* End XCBuildConfiguration section */

/* Begin XCConfigurationList section */
		DAB90ED02B61BA3A00EC7C47 /* Build configuration list for PBXProject "swiftui_test" */ = {
			isa = XCConfigurationList;
			buildConfigurations = (
				DAB90EF72B61BA3B00EC7C47 /* Debug */,
				DAB90EF82B61BA3B00EC7C47 /* Release */,
			);
			defaultConfigurationIsVisible = 0;
			defaultConfigurationName = Release;
		};
		DAB90EF92B61BA3B00EC7C47 /* Build configuration list for PBXNativeTarget "swiftui_test" */ = {
			isa = XCConfigurationList;
			buildConfigurations = (
				DAB90EFA2B61BA3B00EC7C47 /* Debug */,
				DAB90EFB2B61BA3B00EC7C47 /* Release */,
			);
			defaultConfigurationIsVisible = 0;
			defaultConfigurationName = Release;
		};
		DAB90EFC2B61BA3B00EC7C47 /* Build configuration list for PBXNativeTarget "swiftui_testTests" */ = {
			isa = XCConfigurationList;
			buildConfigurations = (
				DAB90EFD2B61BA3B00EC7C47 /* Debug */,
				DAB90EFE2B61BA3B00EC7C47 /* Release */,
			);
			defaultConfigurationIsVisible = 0;
			defaultConfigurationName = Release;
		};
		DAB90EFF2B61BA3B00EC7C47 /* Build configuration list for PBXNativeTarget "swiftui_testUITests" */ = {
			isa = XCConfigurationList;
			buildConfigurations = (
				DAB90F002B61BA3B00EC7C47 /* Debug */,
				DAB90F012B61BA3B00EC7C47 /* Release */,
			);
			defaultConfigurationIsVisible = 0;
			defaultConfigurationName = Release;
		};
/* End XCConfigurationList section */
	};
	rootObject = DAB90ECD2B61BA3A00EC7C47 /* Project object */;
}
